
Microsoft Visual Studio Solution File, Format Version 12.00
# Visual Studio Version 16
VisualStudioVersion = 16.0.31424.327
MinimumVisualStudioVersion = 10.0.40219.1
Project("{FAE04EC0-301F-11D3-BF4B-00C04F79EFBC}") = "SOFAP-PPT-Generator", "SOFAP-PPT-Generator.csproj", "{8D315D99-73E9-4C46-93F7-D63809D78367}"
EndProject
Global
	GlobalSection(SolutionConfigurationPlatforms) = preSolution
		Debug|Any CPU = Debug|Any CPU
		Release|Any CPU = Release|Any CPU
	EndGlobalSection
	GlobalSection(ProjectConfigurationPlatforms) = postSolution
		{8D315D99-73E9-4C46-93F7-D63809D78367}.Debug|Any CPU.ActiveCfg = Debug|Any CPU
		{8D315D99-73E9-4C46-93F7-D63809D78367}.Debug|Any CPU.Build.0 = Debug|Any CPU
		{8D315D99-73E9-4C46-93F7-D63809D78367}.Release|Any CPU.ActiveCfg = Release|Any CPU
		{8D315D99-73E9-4C46-93F7-D63809D78367}.Release|Any CPU.Build.0 = Release|Any CPU
	EndGlobalSection
	GlobalSection(SolutionProperties) = preSolution
		HideSolutionNode = FALSE
	EndGlobalSection
	GlobalSection(ExtensibilityGlobals) = postSolution
		SolutionGuid = {6120D4E6-0EAF-480F-B3D1-E374BD86F5F0}
	EndGlobalSection
EndGlobal
